
Microsoft Visual Studio Solution File, Format Version 12.00
# Visual Studio 2012
Project("{FAE04EC0-301F-11D3-BF4B-00C04F79EFBC}") = "Text.Lexer", "Text.Lexer\Text.Lexer.csproj", "{8BAB7466-E329-4AB2-8BD9-F3B0932D215B}"
EndProject
Project("{FAE04EC0-301F-11D3-BF4B-00C04F79EFBC}") = "UnitTests", "UnitTests\UnitTests.csproj", "{BF711229-368E-402C-A3B1-0DDDCDA74FB7}"
EndProject
Global
	GlobalSection(SolutionConfigurationPlatforms) = preSolution
		Debug|Any CPU = Debug|Any CPU
		Release|Any CPU = Release|Any CPU
	EndGlobalSection
	GlobalSection(ProjectConfigurationPlatforms) = postSolution
		{8BAB7466-E329-4AB2-8BD9-F3B0932D215B}.Debug|Any CPU.ActiveCfg = Debug|Any CPU
		{8BAB7466-E329-4AB2-8BD9-F3B0932D215B}.Debug|Any CPU.Build.0 = Debug|Any CPU
		{8BAB7466-E329-4AB2-8BD9-F3B0932D215B}.Release|Any CPU.ActiveCfg = Release|Any CPU
		{8BAB7466-E329-4AB2-8BD9-F3B0932D215B}.Release|Any CPU.Build.0 = Release|Any CPU
		{BF711229-368E-402C-A3B1-0DDDCDA74FB7}.Debug|Any CPU.ActiveCfg = Debug|Any CPU
		{BF711229-368E-402C-A3B1-0DDDCDA74FB7}.Debug|Any CPU.Build.0 = Debug|Any CPU
		{BF711229-368E-402C-A3B1-0DDDCDA74FB7}.Release|Any CPU.ActiveCfg = Release|Any CPU
		{BF711229-368E-402C-A3B1-0DDDCDA74FB7}.Release|Any CPU.Build.0 = Release|Any CPU
	EndGlobalSection
	GlobalSection(SolutionProperties) = preSolution
		HideSolutionNode = FALSE
	EndGlobalSection
EndGlobal
